
Microsoft Visual Studio Solution File, Format Version 12.00
# Visual Studio Version 17
VisualStudioVersion = 17.5.33103.201
MinimumVisualStudioVersion = 10.0.40219.1
Project("{FAE04EC0-301F-11D3-BF4B-00C04F79EFBC}") = "FileUploader", "FileUploader.csproj", "{5F0DBD19-1484-4924-A1DC-799771DE594E}"
EndProject
Global
	GlobalSection(SolutionConfigurationPlatforms) = preSolution
		Debug|Any CPU = Debug|Any CPU
		Release|Any CPU = Release|Any CPU
	EndGlobalSection
	GlobalSection(ProjectConfigurationPlatforms) = postSolution
		{5F0DBD19-1484-4924-A1DC-799771DE594E}.Debug|Any CPU.ActiveCfg = Debug|Any CPU
		{5F0DBD19-1484-4924-A1DC-799771DE594E}.Debug|Any CPU.Build.0 = Debug|Any CPU
		{5F0DBD19-1484-4924-A1DC-799771DE594E}.Release|Any CPU.ActiveCfg = Release|Any CPU
		{5F0DBD19-1484-4924-A1DC-799771DE594E}.Release|Any CPU.Build.0 = Release|Any CPU
	EndGlobalSection
	GlobalSection(SolutionProperties) = preSolution
		HideSolutionNode = FALSE
	EndGlobalSection
	GlobalSection(ExtensibilityGlobals) = postSolution
		SolutionGuid = {39135DE0-953B-429B-A209-C395D6D7CD4D}
	EndGlobalSection
EndGlobal
